
Microsoft Visual Studio Solution File, Format Version 12.00
# Visual Studio 15
VisualStudioVersion = 15.0.27428.2037
MinimumVisualStudioVersion = 10.0.40219.1
Project("{FAE04EC0-301F-11D3-BF4B-00C04F79EFBC}") = "StrategyPattern", "StrategyPattern\StrategyPattern.csproj", "{E811E40A-BF1F-4422-ADCB-628FDC845722}"
EndProject
Project("{FAE04EC0-301F-11D3-BF4B-00C04F79EFBC}") = "ObserverPattern", "ObserverPattern\ObserverPattern.csproj", "{DEBE8C62-1A0C-4EF8-A49B-0F4DE13C9A25}"
EndProject
Project("{FAE04EC0-301F-11D3-BF4B-00C04F79EFBC}") = "DecoratorPattern", "DecoratorPattern\DecoratorPattern.csproj", "{33944C23-62DD-4109-9FA1-AAF8CBE482C1}"
EndProject
Global
	GlobalSection(SolutionConfigurationPlatforms) = preSolution
		Debug|Any CPU = Debug|Any CPU
		Release|Any CPU = Release|Any CPU
	EndGlobalSection
	GlobalSection(ProjectConfigurationPlatforms) = postSolution
		{E811E40A-BF1F-4422-ADCB-628FDC845722}.Debug|Any CPU.ActiveCfg = Debug|Any CPU
		{E811E40A-BF1F-4422-ADCB-628FDC845722}.Debug|Any CPU.Build.0 = Debug|Any CPU
		{E811E40A-BF1F-4422-ADCB-628FDC845722}.Release|Any CPU.ActiveCfg = Release|Any CPU
		{E811E40A-BF1F-4422-ADCB-628FDC845722}.Release|Any CPU.Build.0 = Release|Any CPU
		{DEBE8C62-1A0C-4EF8-A49B-0F4DE13C9A25}.Debug|Any CPU.ActiveCfg = Debug|Any CPU
		{DEBE8C62-1A0C-4EF8-A49B-0F4DE13C9A25}.Debug|Any CPU.Build.0 = Debug|Any CPU
		{DEBE8C62-1A0C-4EF8-A49B-0F4DE13C9A25}.Release|Any CPU.ActiveCfg = Release|Any CPU
		{DEBE8C62-1A0C-4EF8-A49B-0F4DE13C9A25}.Release|Any CPU.Build.0 = Release|Any CPU
		{33944C23-62DD-4109-9FA1-AAF8CBE482C1}.Debug|Any CPU.ActiveCfg = Debug|Any CPU
		{33944C23-62DD-4109-9FA1-AAF8CBE482C1}.Debug|Any CPU.Build.0 = Debug|Any CPU
		{33944C23-62DD-4109-9FA1-AAF8CBE482C1}.Release|Any CPU.ActiveCfg = Release|Any CPU
		{33944C23-62DD-4109-9FA1-AAF8CBE482C1}.Release|Any CPU.Build.0 = Release|Any CPU
	EndGlobalSection
	GlobalSection(SolutionProperties) = preSolution
		HideSolutionNode = FALSE
	EndGlobalSection
	GlobalSection(ExtensibilityGlobals) = postSolution
		SolutionGuid = {BD387CB0-E124-41B7-BB68-8D56B9A86288}
	EndGlobalSection
EndGlobal
